
Microsoft Visual Studio Solution File, Format Version 12.00
# Visual Studio Version 17
VisualStudioVersion = 17.8.34525.116
MinimumVisualStudioVersion = 10.0.40219.1
Project("{FAE04EC0-301F-11D3-BF4B-00C04F79EFBC}") = "WebApplication1", "WebApplication1\WebApplication1.csproj", "{D588B5FD-E957-468E-9858-9D663C0EE55C}"
EndProject
Global
	GlobalSection(SolutionConfigurationPlatforms) = preSolution
		Debug|Any CPU = Debug|Any CPU
		Release|Any CPU = Release|Any CPU
	EndGlobalSection
	GlobalSection(ProjectConfigurationPlatforms) = postSolution
		{D588B5FD-E957-468E-9858-9D663C0EE55C}.Debug|Any CPU.ActiveCfg = Debug|Any CPU
		{D588B5FD-E957-468E-9858-9D663C0EE55C}.Debug|Any CPU.Build.0 = Debug|Any CPU
		{D588B5FD-E957-468E-9858-9D663C0EE55C}.Release|Any CPU.ActiveCfg = Release|Any CPU
		{D588B5FD-E957-468E-9858-9D663C0EE55C}.Release|Any CPU.Build.0 = Release|Any CPU
	EndGlobalSection
	GlobalSection(SolutionProperties) = preSolution
		HideSolutionNode = FALSE
	EndGlobalSection
	GlobalSection(ExtensibilityGlobals) = postSolution
		SolutionGuid = {BCB814EC-4C18-4FC9-A911-45A7036FD285}
	EndGlobalSection
EndGlobal
