
Microsoft Visual Studio Solution File, Format Version 12.00
# Visual Studio Version 17
VisualStudioVersion = 17.8.34525.116
MinimumVisualStudioVersion = 10.0.40219.1
Project("{FAE04EC0-301F-11D3-BF4B-00C04F79EFBC}") = "teloteszt", "teloteszt\teloteszt.csproj", "{15D50D8F-0921-42E3-8267-9B0EF2EF0753}"
EndProject
Global
	GlobalSection(SolutionConfigurationPlatforms) = preSolution
		Debug|Any CPU = Debug|Any CPU
		Release|Any CPU = Release|Any CPU
	EndGlobalSection
	GlobalSection(ProjectConfigurationPlatforms) = postSolution
		{15D50D8F-0921-42E3-8267-9B0EF2EF0753}.Debug|Any CPU.ActiveCfg = Debug|Any CPU
		{15D50D8F-0921-42E3-8267-9B0EF2EF0753}.Debug|Any CPU.Build.0 = Debug|Any CPU
		{15D50D8F-0921-42E3-8267-9B0EF2EF0753}.Release|Any CPU.ActiveCfg = Release|Any CPU
		{15D50D8F-0921-42E3-8267-9B0EF2EF0753}.Release|Any CPU.Build.0 = Release|Any CPU
	EndGlobalSection
	GlobalSection(SolutionProperties) = preSolution
		HideSolutionNode = FALSE
	EndGlobalSection
	GlobalSection(ExtensibilityGlobals) = postSolution
		SolutionGuid = {E687D55D-F0C6-4FFC-8828-F90C8436B58C}
	EndGlobalSection
EndGlobal
